[[package]]
category = "main"
description = "File support for asyncio."
name = "aiofiles"
optional = false
python-versions = "*"
version = "0.4.0"

[[package]]
category = "main"
description = "Async http client/server framework (asyncio)"
name = "aiohttp"
optional = false
python-versions = ">=3.5.3"
version = "3.6.2"

[package.dependencies]
async-timeout = ">=3.0,<4.0"
attrs = ">=17.3.0"
chardet = ">=2.0,<4.0"
multidict = ">=4.5,<5.0"
yarl = ">=1.0,<2.0"

[package.extras]
speedups = ["aiodns", "brotlipy", "cchardet"]

[[package]]
category = "dev"
description = "A small Python module for determining appropriate platform-specific dirs, e.g. a \"user data dir\"."
name = "appdirs"
optional = false
python-versions = "*"
version = "1.4.4"

[[package]]
category = "main"
description = "Timeout context manager for asyncio programs"
name = "async-timeout"
optional = false
python-versions = ">=3.5.3"
version = "3.0.1"

[[package]]
category = "main"
description = "Classes Without Boilerplate"
name = "attrs"
optional = false
python-versions = "*"
version = "18.2.0"

[package.extras]
dev = ["coverage", "hypothesis", "pympler", "pytest", "six", "zope.interface", "sphinx", "zope.interface", "pre-commit"]
docs = ["sphinx", "zope.interface"]
tests = ["coverage", "hypothesis", "pympler", "pytest", "six", "zope.interface"]

[[package]]
category = "main"
description = "Screen-scraping library"
name = "beautifulsoup4"
optional = false
python-versions = "*"
version = "4.7.1"

[package.dependencies]
soupsieve = ">=1.2"

[package.extras]
html5lib = ["html5lib"]
lxml = ["lxml"]

[[package]]
category = "main"
description = "Universal encoding detector for Python 2 and 3"
name = "chardet"
optional = false
python-versions = "*"
version = "3.0.4"

[[package]]
category = "main"
description = "asyncio driver + HTTP server for Chrome devtools protocol"
name = "chromewhip"
optional = false
python-versions = "*"
version = "0.3.4"

[package.dependencies]
Pillow = "6.2.0"
aiohttp = "3.6.2"
beautifulsoup4 = "4.7.1"
lxml = "4.3.3"
pyyaml = "5.1"
websockets = "7.0"

[package.extras]
dev = ["Jinja2 (2.10.1)", "jsonpatch (1.23)"]
test = ["pytest-asyncio (0.10.0)"]

[package.source]
reference = "4c8089441f0767b91840abf6a076e9f65c83bdbc"
type = "git"
url = "https://github.com/spinda/chromewhip.git"
[[package]]
category = "dev"
description = "A simple wrapper around optparse for powerful command line utilities."
name = "click"
optional = false
python-versions = "*"
version = "6.7"

[[package]]
category = "main"
description = "Cross-platform colored terminal text."
name = "colorama"
optional = false
python-versions = ">=2.7, !=3.0.*, !=3.1.*, !=3.2.*, !=3.3.*, !=3.4.*"
version = "0.4.3"

[[package]]
category = "main"
description = "Decorators for Humans"
name = "decorator"
optional = false
python-versions = ">=2.6, !=3.0.*, !=3.1.*"
version = "4.4.2"

[[package]]
category = "main"
description = "Internationalized Domain Names in Applications (IDNA)"
name = "idna"
optional = false
python-versions = ">=2.7, !=3.0.*, !=3.1.*, !=3.2.*, !=3.3.*"
version = "2.10"

[[package]]
category = "dev"
description = "The slightly more compromising code formatter."
name = "lavender"
optional = false
python-versions = ">=3.6,<4.0"
version = "0.1.1"

[package.dependencies]
appdirs = ">=1.4.0,<2.0.0"
attrs = ">=18.1.0,<19.0.0"
click = ">=6.5,<7.0"
pathspec = ">=0.6.0,<0.7.0"
regex = ">=2019.8.19"
toml = ">=0.9.4,<0.10.0"
typed-ast = ">=1.4.0,<2.0.0"

[package.extras]
d = ["aiohttp (>=3.3.2,<4.0.0)", "aiohttp_cors (>=0.7.0,<0.8.0)"]

[[package]]
category = "main"
description = "Powerful and Pythonic XML processing library combining libxml2/libxslt with the ElementTree API."
name = "lxml"
optional = false
python-versions = "*"
version = "4.3.3"

[package.extras]
cssselect = ["cssselect (>=0.7)"]
html5 = ["html5lib"]
htmlsoup = ["beautifulsoup4"]
source = ["Cython (>=0.29.1)"]

[[package]]
category = "main"
description = "multidict implementation"
name = "multidict"
optional = false
python-versions = ">=3.5"
version = "4.7.6"

[[package]]
category = "main"
description = "Python package for creating and manipulating graphs and networks"
name = "networkx"
optional = false
python-versions = ">=3.5"
version = "2.4"

[package.dependencies]
decorator = ">=4.3.0"

[package.extras]
all = ["numpy", "scipy", "pandas", "matplotlib", "pygraphviz", "pydot", "pyyaml", "gdal", "lxml", "pytest"]
gdal = ["gdal"]
lxml = ["lxml"]
matplotlib = ["matplotlib"]
numpy = ["numpy"]
pandas = ["pandas"]
pydot = ["pydot"]
pygraphviz = ["pygraphviz"]
pytest = ["pytest"]
pyyaml = ["pyyaml"]
scipy = ["scipy"]

[[package]]
category = "dev"
description = "Utility library for gitignore style pattern matching of file paths."
name = "pathspec"
optional = false
python-versions = ">=2.7, !=3.0.*, !=3.1.*, !=3.2.*, !=3.3.*"
version = "0.6.0"

[[package]]
category = "main"
description = "Python Imaging Library (Fork)"
name = "pillow"
optional = false
python-versions = ">=2.7, !=3.0.*, !=3.1.*, !=3.2.*, !=3.3.*, !=3.4.*"
version = "6.2.0"

[[package]]
category = "main"
description = "YAML parser and emitter for Python"
name = "pyyaml"
optional = false
python-versions = ">=2.7, !=3.0.*, !=3.1.*, !=3.2.*, !=3.3.*"
version = "5.1"

[[package]]
category = "dev"
description = "Alternative regular expression module, to replace re."
name = "regex"
optional = false
python-versions = "*"
version = "2020.6.8"

[[package]]
category = "main"
description = "A modern CSS selector implementation for Beautiful Soup."
name = "soupsieve"
optional = false
python-versions = ">=3.5"
version = "2.0.1"

[[package]]
category = "dev"
description = "Python Library for Tom's Obvious, Minimal Language"
name = "toml"
optional = false
python-versions = "*"
version = "0.9.6"

[[package]]
category = "dev"
description = "a fork of Python 2 and 3 ast modules with type comment support"
name = "typed-ast"
optional = false
python-versions = "*"
version = "1.4.1"

[[package]]
category = "main"
description = "An implementation of the WebSocket Protocol (RFC 6455 & 7692)"
name = "websockets"
optional = false
python-versions = ">=3.4"
version = "7.0"

[[package]]
category = "main"
description = "Yet another URL library"
name = "yarl"
optional = false
python-versions = ">=3.5"
version = "1.4.2"

[package.dependencies]
idna = ">=2.0"
multidict = ">=4.0"

[metadata]
content-hash = "4cdcea1b62b6b1d43dd06bbe6c6f0ab988f945c88dcb1e04c1564bcf88ab5a71"
python-versions = "^3.7"

[metadata.files]
aiofiles = [
    {file = "aiofiles-0.4.0-py3-none-any.whl", hash = "sha256:1e644c2573f953664368de28d2aa4c89dfd64550429d0c27c4680ccd3aa4985d"},
    {file = "aiofiles-0.4.0.tar.gz", hash = "sha256:021ea0ba314a86027c166ecc4b4c07f2d40fc0f4b3a950d1868a0f2571c2bbee"},
]
aiohttp = [
    {file = "aiohttp-3.6.2-cp35-cp35m-macosx_10_13_x86_64.whl", hash = "sha256:1e984191d1ec186881ffaed4581092ba04f7c61582a177b187d3a2f07ed9719e"},
    {file = "aiohttp-3.6.2-cp35-cp35m-manylinux1_x86_64.whl", hash = "sha256:50aaad128e6ac62e7bf7bd1f0c0a24bc968a0c0590a726d5a955af193544bcec"},
    {file = "aiohttp-3.6.2-cp36-cp36m-macosx_10_13_x86_64.whl", hash = "sha256:65f31b622af739a802ca6fd1a3076fd0ae523f8485c52924a89561ba10c49b48"},
    {file = "aiohttp-3.6.2-cp36-cp36m-manylinux1_x86_64.whl", hash = "sha256:ae55bac364c405caa23a4f2d6cfecc6a0daada500274ffca4a9230e7129eac59"},
    {file = "aiohttp-3.6.2-cp36-cp36m-win32.whl", hash = "sha256:344c780466b73095a72c616fac5ea9c4665add7fc129f285fbdbca3cccf4612a"},
    {file = "aiohttp-3.6.2-cp36-cp36m-win_amd64.whl", hash = "sha256:4c6efd824d44ae697814a2a85604d8e992b875462c6655da161ff18fd4f29f17"},
    {file = "aiohttp-3.6.2-cp37-cp37m-macosx_10_13_x86_64.whl", hash = "sha256:2f4d1a4fdce595c947162333353d4a44952a724fba9ca3205a3df99a33d1307a"},
    {file = "aiohttp-3.6.2-cp37-cp37m-manylinux1_x86_64.whl", hash = "sha256:6206a135d072f88da3e71cc501c59d5abffa9d0bb43269a6dcd28d66bfafdbdd"},
    {file = "aiohttp-3.6.2-cp37-cp37m-win32.whl", hash = "sha256:b778ce0c909a2653741cb4b1ac7015b5c130ab9c897611df43ae6a58523cb965"},
    {file = "aiohttp-3.6.2-cp37-cp37m-win_amd64.whl", hash = "sha256:32e5f3b7e511aa850829fbe5aa32eb455e5534eaa4b1ce93231d00e2f76e5654"},
    {file = "aiohttp-3.6.2-py3-none-any.whl", hash = "sha256:460bd4237d2dbecc3b5ed57e122992f60188afe46e7319116da5eb8a9dfedba4"},
    {file = "aiohttp-3.6.2.tar.gz", hash = "sha256:259ab809ff0727d0e834ac5e8a283dc5e3e0ecc30c4d80b3cd17a4139ce1f326"},
]
appdirs = [
    {file = "appdirs-1.4.4-py2.py3-none-any.whl", hash = "sha256:a841dacd6b99318a741b166adb07e19ee71a274450e68237b4650ca1055ab128"},
    {file = "appdirs-1.4.4.tar.gz", hash = "sha256:7d5d0167b2b1ba821647616af46a749d1c653740dd0d2415100fe26e27afdf41"},
]
async-timeout = [
    {file = "async-timeout-3.0.1.tar.gz", hash = "sha256:0c3c816a028d47f659d6ff5c745cb2acf1f966da1fe5c19c77a70282b25f4c5f"},
    {file = "async_timeout-3.0.1-py3-none-any.whl", hash = "sha256:4291ca197d287d274d0b6cb5d6f8f8f82d434ed288f962539ff18cc9012f9ea3"},
]
attrs = [
    {file = "attrs-18.2.0-py2.py3-none-any.whl", hash = "sha256:ca4be454458f9dec299268d472aaa5a11f67a4ff70093396e1ceae9c76cf4bbb"},
    {file = "attrs-18.2.0.tar.gz", hash = "sha256:10cbf6e27dbce8c30807caf056c8eb50917e0eaafe86347671b57254006c3e69"},
]
beautifulsoup4 = [
    {file = "beautifulsoup4-4.7.1-py2-none-any.whl", hash = "sha256:ba6d5c59906a85ac23dadfe5c88deaf3e179ef565f4898671253e50a78680718"},
    {file = "beautifulsoup4-4.7.1-py3-none-any.whl", hash = "sha256:034740f6cb549b4e932ae1ab975581e6103ac8f942200a0e9759065984391858"},
    {file = "beautifulsoup4-4.7.1.tar.gz", hash = "sha256:945065979fb8529dd2f37dbb58f00b661bdbcbebf954f93b32fdf5263ef35348"},
]
chardet = [
    {file = "chardet-3.0.4-py2.py3-none-any.whl", hash = "sha256:fc323ffcaeaed0e0a02bf4d117757b98aed530d9ed4531e3e15460124c106691"},
    {file = "chardet-3.0.4.tar.gz", hash = "sha256:84ab92ed1c4d4f16916e05906b6b75a6c0fb5db821cc65e70cbd64a3e2a5eaae"},
]
chromewhip = []
click = [
    {file = "click-6.7-py2.py3-none-any.whl", hash = "sha256:29f99fc6125fbc931b758dc053b3114e55c77a6e4c6c3a2674a2dc986016381d"},
    {file = "click-6.7.tar.gz", hash = "sha256:f15516df478d5a56180fbf80e68f206010e6d160fc39fa508b65e035fd75130b"},
]
colorama = [
    {file = "colorama-0.4.3-py2.py3-none-any.whl", hash = "sha256:7d73d2a99753107a36ac6b455ee49046802e59d9d076ef8e47b61499fa29afff"},
    {file = "colorama-0.4.3.tar.gz", hash = "sha256:e96da0d330793e2cb9485e9ddfd918d456036c7149416295932478192f4436a1"},
]
decorator = [
    {file = "decorator-4.4.2-py2.py3-none-any.whl", hash = "sha256:41fa54c2a0cc4ba648be4fd43cff00aedf5b9465c9bf18d64325bc225f08f760"},
    {file = "decorator-4.4.2.tar.gz", hash = "sha256:e3a62f0520172440ca0dcc823749319382e377f37f140a0b99ef45fecb84bfe7"},
]
idna = [
    {file = "idna-2.10-py2.py3-none-any.whl", hash = "sha256:b97d804b1e9b523befed77c48dacec60e6dcb0b5391d57af6a65a312a90648c0"},
    {file = "idna-2.10.tar.gz", hash = "sha256:b307872f855b18632ce0c21c5e45be78c0ea7ae4c15c828c20788b26921eb3f6"},
]
lavender = [
    {file = "lavender-0.1.1-py3-none-any.whl", hash = "sha256:17aec694639ff17589e6232c6300052fb4b77217760b9788b34478af3279c8cc"},
    {file = "lavender-0.1.1.tar.gz", hash = "sha256:d3dab6a4e997bc77ee021ecdb1096133f9350e196c8aab836217c5486e4634c8"},
]
lxml = [
    {file = "lxml-4.3.3-cp27-cp27m-macosx_10_6_intel.macosx_10_9_intel.macosx_10_9_x86_64.macosx_10_10_intel.macosx_10_10_x86_64.whl", hash = "sha256:3210da6f36cf4b835ff1be853962b22cc354d506f493b67a4303c88bbb40d57b"},
    {file = "lxml-4.3.3-cp27-cp27m-manylinux1_i686.whl", hash = "sha256:fdcb57b906dbc1f80666e6290e794ab8fb959a2e17aa5aee1758a85d1da4533f"},
    {file = "lxml-4.3.3-cp27-cp27m-manylinux1_x86_64.whl", hash = "sha256:a3080470559938a09a5d0ec558c005282e99ac77bf8211fb7b9a5c66390acd8d"},
    {file = "lxml-4.3.3-cp27-cp27m-win32.whl", hash = "sha256:bdb0593a42070b0a5f138b79b872289ee73c8e25b3f0bea6564e795b55b6bcdd"},
    {file = "lxml-4.3.3-cp27-cp27m-win_amd64.whl", hash = "sha256:b4fbf9b552faff54742bcd0791ab1da5863363fb19047e68f6592be1ac2dab33"},
    {file = "lxml-4.3.3-cp27-cp27mu-manylinux1_i686.whl", hash = "sha256:62f382cddf3d2e52cf266e161aa522d54fd624b8cc567bc18f573d9d50d40e8e"},
    {file = "lxml-4.3.3-cp27-cp27mu-manylinux1_x86_64.whl", hash = "sha256:ad841b78a476623955da270ab8d207c3c694aa5eba71f4792f65926dc46c6ee8"},
    {file = "lxml-4.3.3-cp34-cp34m-manylinux1_i686.whl", hash = "sha256:40f60819fbd5bad6e191ba1329bfafa09ab7f3f174b3d034d413ef5266963294"},
    {file = "lxml-4.3.3-cp34-cp34m-manylinux1_x86_64.whl", hash = "sha256:f679d93dec7f7210575c85379a31322df4c46496f184ef650d3aba1484b38a2d"},
    {file = "lxml-4.3.3-cp34-cp34m-win32.whl", hash = "sha256:c4e4bca2bb68ce22320297dfa1a7bf070a5b20bcbaec4ee023f83d2f6e76496f"},
    {file = "lxml-4.3.3-cp34-cp34m-win_amd64.whl", hash = "sha256:846a0739e595871041385d86d12af4b6999f921359b38affb99cdd6b54219a8f"},
    {file = "lxml-4.3.3-cp35-cp35m-manylinux1_i686.whl", hash = "sha256:ff424b01d090ffe1947ec7432b07f536912e0300458f9a7f48ea217dd8362b86"},
    {file = "lxml-4.3.3-cp35-cp35m-manylinux1_x86_64.whl", hash = "sha256:43b26a865a61549919f8a42e094dfdb62847113cf776d84bd6b60e4e3fc20ea3"},
    {file = "lxml-4.3.3-cp35-cp35m-win32.whl", hash = "sha256:fd213bb5166e46974f113c8228daaef1732abc47cb561ce9c4c8eaed4bd3b09b"},
    {file = "lxml-4.3.3-cp35-cp35m-win_amd64.whl", hash = "sha256:e83b4b2bf029f5104bc1227dbb7bf5ace6fd8fabaebffcd4f8106fafc69fc45f"},
    {file = "lxml-4.3.3-cp36-cp36m-macosx_10_6_intel.macosx_10_9_intel.macosx_10_9_x86_64.macosx_10_10_intel.macosx_10_10_x86_64.whl", hash = "sha256:175f3825f075cf02d15099eb52658457cf0ff103dcf11512b5d2583e1d40f58b"},
    {file = "lxml-4.3.3-cp36-cp36m-manylinux1_i686.whl", hash = "sha256:afdd75d9735e44c639ffd6258ce04a2de3b208f148072c02478162d0944d9da3"},
    {file = "lxml-4.3.3-cp36-cp36m-manylinux1_x86_64.whl", hash = "sha256:b91cfe4438c741aeff662d413fd2808ac901cc6229c838236840d11de4586d63"},
    {file = "lxml-4.3.3-cp36-cp36m-win32.whl", hash = "sha256:30e14c62d88d1e01a26936ecd1c6e784d4afc9aa002bba4321c5897937112616"},
    {file = "lxml-4.3.3-cp36-cp36m-win_amd64.whl", hash = "sha256:0815b0c9f897468de6a386dc15917a0becf48cc92425613aa8bbfc7f0f82951f"},
    {file = "lxml-4.3.3-cp37-cp37m-macosx_10_6_intel.macosx_10_9_intel.macosx_10_9_x86_64.macosx_10_10_intel.macosx_10_10_x86_64.whl", hash = "sha256:03984196d00670b2ab14ae0ea83d5cc0cfa4f5a42558afa9ab5fa745995328f5"},
    {file = "lxml-4.3.3-cp37-cp37m-manylinux1_i686.whl", hash = "sha256:cec4ab14af9eae8501be3266ff50c3c2aecc017ba1e86c160209bb4f0423df6a"},
    {file = "lxml-4.3.3-cp37-cp37m-manylinux1_x86_64.whl", hash = "sha256:e995b3734a46d41ae60b6097f7c51ba9958648c6d1e0935b7e0ee446ee4abe22"},
    {file = "lxml-4.3.3-cp37-cp37m-win32.whl", hash = "sha256:b90c4e32d6ec089d3fa3518436bdf5ce4d902a0787dbd9bb09f37afe8b994317"},
    {file = "lxml-4.3.3-cp37-cp37m-win_amd64.whl", hash = "sha256:7b98f0325be8450da70aa4a796c4f06852949fe031878b4aa1d6c417a412f314"},
    {file = "lxml-4.3.3.tar.gz", hash = "sha256:4a03dd682f8e35a10234904e0b9508d705ff98cf962c5851ed052e9340df3d90"},
]
multidict = [
    {file = "multidict-4.7.6-cp35-cp35m-macosx_10_14_x86_64.whl", hash = "sha256:275ca32383bc5d1894b6975bb4ca6a7ff16ab76fa622967625baeebcf8079000"},
    {file = "multidict-4.7.6-cp35-cp35m-manylinux1_x86_64.whl", hash = "sha256:1ece5a3369835c20ed57adadc663400b5525904e53bae59ec854a5d36b39b21a"},
    {file = "multidict-4.7.6-cp35-cp35m-win32.whl", hash = "sha256:5141c13374e6b25fe6bf092052ab55c0c03d21bd66c94a0e3ae371d3e4d865a5"},
    {file = "multidict-4.7.6-cp35-cp35m-win_amd64.whl", hash = "sha256:9456e90649005ad40558f4cf51dbb842e32807df75146c6d940b6f5abb4a78f3"},
    {file = "multidict-4.7.6-cp36-cp36m-macosx_10_14_x86_64.whl", hash = "sha256:e0d072ae0f2a179c375f67e3da300b47e1a83293c554450b29c900e50afaae87"},
    {file = "multidict-4.7.6-cp36-cp36m-manylinux1_x86_64.whl", hash = "sha256:3750f2205b800aac4bb03b5ae48025a64e474d2c6cc79547988ba1d4122a09e2"},
    {file = "multidict-4.7.6-cp36-cp36m-win32.whl", hash = "sha256:f07acae137b71af3bb548bd8da720956a3bc9f9a0b87733e0899226a2317aeb7"},
    {file = "multidict-4.7.6-cp36-cp36m-win_amd64.whl", hash = "sha256:6513728873f4326999429a8b00fc7ceddb2509b01d5fd3f3be7881a257b8d463"},
    {file = "multidict-4.7.6-cp37-cp37m-macosx_10_14_x86_64.whl", hash = "sha256:feed85993dbdb1dbc29102f50bca65bdc68f2c0c8d352468c25b54874f23c39d"},
    {file = "multidict-4.7.6-cp37-cp37m-manylinux1_x86_64.whl", hash = "sha256:fcfbb44c59af3f8ea984de67ec7c306f618a3ec771c2843804069917a8f2e255"},
    {file = "multidict-4.7.6-cp37-cp37m-win32.whl", hash = "sha256:4538273208e7294b2659b1602490f4ed3ab1c8cf9dbdd817e0e9db8e64be2507"},
    {file = "multidict-4.7.6-cp37-cp37m-win_amd64.whl", hash = "sha256:d14842362ed4cf63751648e7672f7174c9818459d169231d03c56e84daf90b7c"},
    {file = "multidict-4.7.6-cp38-cp38-macosx_10_14_x86_64.whl", hash = "sha256:c026fe9a05130e44157b98fea3ab12969e5b60691a276150db9eda71710cd10b"},
    {file = "multidict-4.7.6-cp38-cp38-manylinux1_x86_64.whl", hash = "sha256:51a4d210404ac61d32dada00a50ea7ba412e6ea945bbe992e4d7a595276d2ec7"},
    {file = "multidict-4.7.6-cp38-cp38-win32.whl", hash = "sha256:5cf311a0f5ef80fe73e4f4c0f0998ec08f954a6ec72b746f3c179e37de1d210d"},
    {file = "multidict-4.7.6-cp38-cp38-win_amd64.whl", hash = "sha256:7388d2ef3c55a8ba80da62ecfafa06a1c097c18032a501ffd4cabbc52d7f2b19"},
    {file = "multidict-4.7.6.tar.gz", hash = "sha256:fbb77a75e529021e7c4a8d4e823d88ef4d23674a202be4f5addffc72cbb91430"},
]
networkx = [
    {file = "networkx-2.4-py3-none-any.whl", hash = "sha256:cdfbf698749a5014bf2ed9db4a07a5295df1d3a53bf80bf3cbd61edf9df05fa1"},
    {file = "networkx-2.4.tar.gz", hash = "sha256:f8f4ff0b6f96e4f9b16af6b84622597b5334bf9cae8cf9b2e42e7985d5c95c64"},
]
pathspec = [
    {file = "pathspec-0.6.0.tar.gz", hash = "sha256:e285ccc8b0785beadd4c18e5708b12bb8fcf529a1e61215b3feff1d1e559ea5c"},
]
pillow = [
    {file = "Pillow-6.2.0-cp27-cp27m-macosx_10_6_intel.macosx_10_9_intel.macosx_10_9_x86_64.macosx_10_10_intel.macosx_10_10_x86_64.whl", hash = "sha256:38c7d48a21cd06fdeee93987147b9b1c55b73b4cfcbf83240568bfbd5adee447"},
    {file = "Pillow-6.2.0-cp27-cp27m-manylinux1_i686.whl", hash = "sha256:892bb52b70bd5ea9dbbc3ac44f38e84f5a04e9d8b1bff48159d96cb795b81159"},
    {file = "Pillow-6.2.0-cp27-cp27m-manylinux1_x86_64.whl", hash = "sha256:00fdeb23820f30e43bba78eb9abb00b7a937a655de7760b2e09101d63708b64e"},
    {file = "Pillow-6.2.0-cp27-cp27m-win32.whl", hash = "sha256:01f948e8220c85eae1aa1a7f8edddcec193918f933fb07aaebe0bfbbcffefbf1"},
    {file = "Pillow-6.2.0-cp27-cp27m-win_amd64.whl", hash = "sha256:2c1c61546e73de62747e65807d2cc4980c395d4c5600ecb1f47a650c6fa78c79"},
    {file = "Pillow-6.2.0-cp27-cp27mu-manylinux1_i686.whl", hash = "sha256:8a9becd5cbd5062f973bcd2e7bc79483af310222de112b6541f8af1f93a3cc42"},
    {file = "Pillow-6.2.0-cp27-cp27mu-manylinux1_x86_64.whl", hash = "sha256:099a61618b145ecb50c6f279666bbc398e189b8bc97544ae32b8fcb49ad6b830"},
    {file = "Pillow-6.2.0-cp35-cp35m-macosx_10_6_intel.macosx_10_9_intel.macosx_10_9_x86_64.macosx_10_10_intel.macosx_10_10_x86_64.whl", hash = "sha256:5bbba34f97a26a93f5e8dec469ca4ddd712451418add43da946dbaed7f7a98d2"},
    {file = "Pillow-6.2.0-cp35-cp35m-manylinux1_i686.whl", hash = "sha256:43fd026f613c8e48a25eba1a92f4d2ad7f3903c95d8c33a11611a7717d2ab654"},
    {file = "Pillow-6.2.0-cp35-cp35m-manylinux1_x86_64.whl", hash = "sha256:c79a8546c48ae6465189e54e3245a97ddf21161e33ff7eaa42787353417bb2b6"},
    {file = "Pillow-6.2.0-cp35-cp35m-win32.whl", hash = "sha256:b1b0e1f626a0f079c0d3696db70132fb1f29aa87c66aecb6501a9b8be64ce9f7"},
    {file = "Pillow-6.2.0-cp35-cp35m-win_amd64.whl", hash = "sha256:97b119c436bfa96a92ac2ca525f7025836d4d4e64b1c9f9eff8dbaf3ff1d86f3"},
    {file = "Pillow-6.2.0-cp36-cp36m-macosx_10_6_intel.macosx_10_9_intel.macosx_10_9_x86_64.macosx_10_10_intel.macosx_10_10_x86_64.whl", hash = "sha256:ec883b8e44d877bda6f94a36313a1c6063f8b1997aa091628ae2f34c7f97c8d5"},
    {file = "Pillow-6.2.0-cp36-cp36m-manylinux1_i686.whl", hash = "sha256:c14c1224fd1a5be2733530d648a316974dbbb3c946913562c6005a76f21ca042"},
    {file = "Pillow-6.2.0-cp36-cp36m-manylinux1_x86_64.whl", hash = "sha256:ceb76935ac4ebdf6d7bc845482a4450b284c6ccfb281e34da51d510658ab34d8"},
    {file = "Pillow-6.2.0-cp36-cp36m-win32.whl", hash = "sha256:e22bffaad04b4d16e1c091baed7f2733fc1ebb91e0c602abf1b6834d17158b1f"},
    {file = "Pillow-6.2.0-cp36-cp36m-win_amd64.whl", hash = "sha256:338581b30b908e111be578f0297255f6b57a51358cd16fa0e6f664c9a1f88bff"},
    {file = "Pillow-6.2.0-cp37-cp37m-macosx_10_6_intel.macosx_10_9_intel.macosx_10_9_x86_64.macosx_10_10_intel.macosx_10_10_x86_64.whl", hash = "sha256:2ed9c4f694861642401f27dc3cb99772be67cd190e84845c749dae0a06c3bfae"},
    {file = "Pillow-6.2.0-cp37-cp37m-manylinux1_i686.whl", hash = "sha256:972a7aaeb7c4a2795b52eef52ee991ef040b31009f36deca6207a986607b55f3"},
    {file = "Pillow-6.2.0-cp37-cp37m-manylinux1_x86_64.whl", hash = "sha256:9ba37698e242223f8053cc158f130aee046a96feacbeab65893dbe94f5530118"},
    {file = "Pillow-6.2.0-cp37-cp37m-win32.whl", hash = "sha256:65a28969a025a0eb4594637b6103201dc4ed2a9508bdab56ac33e43e3081c404"},
    {file = "Pillow-6.2.0-cp37-cp37m-win_amd64.whl", hash = "sha256:f1baa54d50ec031d1a9beb89974108f8f2c0706f49798f4777df879df0e1adb6"},
    {file = "Pillow-6.2.0-pp271-pypy_41-win32.whl", hash = "sha256:f53a5385932cda1e2c862d89460992911a89768c65d176ff8c50cddca4d29bed"},
    {file = "Pillow-6.2.0-pp370-pp370-win32.whl", hash = "sha256:08abf39948d4b5017a137be58f1a52b7101700431f0777bec3d897c3949f74e6"},
    {file = "Pillow-6.2.0-pp371-pp371-win32.whl", hash = "sha256:5090857876c58885cfa388dc649e5db30aae98a068c26f3fd0ac9d7d9a4d9572"},
    {file = "Pillow-6.2.0.tar.gz", hash = "sha256:4548236844327a718ce3bb182ab32a16fa2050c61e334e959f554cac052fb0df"},
]
pyyaml = [
    {file = "PyYAML-5.1-cp27-cp27m-win32.whl", hash = "sha256:460a5a4248763f6f37ea225d19d5c205677d8d525f6a83357ca622ed541830c2"},
    {file = "PyYAML-5.1-cp27-cp27m-win_amd64.whl", hash = "sha256:9372b04a02080752d9e6f990179a4ab840227c6e2ce15b95e1278456664cf2ba"},
    {file = "PyYAML-5.1-cp34-cp34m-win32.whl", hash = "sha256:aee5bab92a176e7cd034e57f46e9df9a9862a71f8f37cad167c6fc74c65f5b4e"},
    {file = "PyYAML-5.1-cp34-cp34m-win_amd64.whl", hash = "sha256:c51f642898c0bacd335fc119da60baae0824f2cde95b0330b56c0553439f0673"},
    {file = "PyYAML-5.1-cp35-cp35m-win32.whl", hash = "sha256:a5dcbebee834eaddf3fa7366316b880ff4062e4bcc9787b78c7fbb4a26ff2dd1"},
    {file = "PyYAML-5.1-cp35-cp35m-win_amd64.whl", hash = "sha256:7a5d3f26b89d688db27822343dfa25c599627bc92093e788956372285c6298ad"},
    {file = "PyYAML-5.1-cp36-cp36m-win32.whl", hash = "sha256:1adecc22f88d38052fb787d959f003811ca858b799590a5eaa70e63dca50308c"},
    {file = "PyYAML-5.1-cp36-cp36m-win_amd64.whl", hash = "sha256:5a22a9c84653debfbf198d02fe592c176ea548cccce47553f35f466e15cf2fd4"},
    {file = "PyYAML-5.1-cp37-cp37m-win32.whl", hash = "sha256:e23d0cc5299223dcc37885dae624f382297717e459ea24053709675a976a3e19"},
    {file = "PyYAML-5.1-cp37-cp37m-win_amd64.whl", hash = "sha256:c68ea4d3ba1705da1e0d85da6684ac657912679a649e8868bd850d2c299cce13"},
    {file = "PyYAML-5.1.tar.gz", hash = "sha256:436bc774ecf7c103814098159fbb84c2715d25980175292c648f2da143909f95"},
]
regex = [
    {file = "regex-2020.6.8-cp27-cp27m-win32.whl", hash = "sha256:fbff901c54c22425a5b809b914a3bfaf4b9570eee0e5ce8186ac71eb2025191c"},
    {file = "regex-2020.6.8-cp27-cp27m-win_amd64.whl", hash = "sha256:112e34adf95e45158c597feea65d06a8124898bdeac975c9087fe71b572bd938"},
    {file = "regex-2020.6.8-cp36-cp36m-manylinux1_i686.whl", hash = "sha256:92d8a043a4241a710c1cf7593f5577fbb832cf6c3a00ff3fc1ff2052aff5dd89"},
    {file = "regex-2020.6.8-cp36-cp36m-manylinux1_x86_64.whl", hash = "sha256:bae83f2a56ab30d5353b47f9b2a33e4aac4de9401fb582b55c42b132a8ac3868"},
    {file = "regex-2020.6.8-cp36-cp36m-manylinux2010_i686.whl", hash = "sha256:b2ba0f78b3ef375114856cbdaa30559914d081c416b431f2437f83ce4f8b7f2f"},
    {file = "regex-2020.6.8-cp36-cp36m-manylinux2010_x86_64.whl", hash = "sha256:95fa7726d073c87141f7bbfb04c284901f8328e2d430eeb71b8ffdd5742a5ded"},
    {file = "regex-2020.6.8-cp36-cp36m-win32.whl", hash = "sha256:e3cdc9423808f7e1bb9c2e0bdb1c9dc37b0607b30d646ff6faf0d4e41ee8fee3"},
    {file = "regex-2020.6.8-cp36-cp36m-win_amd64.whl", hash = "sha256:c78e66a922de1c95a208e4ec02e2e5cf0bb83a36ceececc10a72841e53fbf2bd"},
    {file = "regex-2020.6.8-cp37-cp37m-manylinux1_i686.whl", hash = "sha256:08997a37b221a3e27d68ffb601e45abfb0093d39ee770e4257bd2f5115e8cb0a"},
    {file = "regex-2020.6.8-cp37-cp37m-manylinux1_x86_64.whl", hash = "sha256:2f6f211633ee8d3f7706953e9d3edc7ce63a1d6aad0be5dcee1ece127eea13ae"},
    {file = "regex-2020.6.8-cp37-cp37m-manylinux2010_i686.whl", hash = "sha256:55b4c25cbb3b29f8d5e63aeed27b49fa0f8476b0d4e1b3171d85db891938cc3a"},
    {file = "regex-2020.6.8-cp37-cp37m-manylinux2010_x86_64.whl", hash = "sha256:89cda1a5d3e33ec9e231ece7307afc101b5217523d55ef4dc7fb2abd6de71ba3"},
    {file = "regex-2020.6.8-cp37-cp37m-win32.whl", hash = "sha256:690f858d9a94d903cf5cada62ce069b5d93b313d7d05456dbcd99420856562d9"},
    {file = "regex-2020.6.8-cp37-cp37m-win_amd64.whl", hash = "sha256:1700419d8a18c26ff396b3b06ace315b5f2a6e780dad387e4c48717a12a22c29"},
    {file = "regex-2020.6.8-cp38-cp38-manylinux1_i686.whl", hash = "sha256:654cb773b2792e50151f0e22be0f2b6e1c3a04c5328ff1d9d59c0398d37ef610"},
    {file = "regex-2020.6.8-cp38-cp38-manylinux1_x86_64.whl", hash = "sha256:52e1b4bef02f4040b2fd547357a170fc1146e60ab310cdbdd098db86e929b387"},
    {file = "regex-2020.6.8-cp38-cp38-manylinux2010_i686.whl", hash = "sha256:cf59bbf282b627130f5ba68b7fa3abdb96372b24b66bdf72a4920e8153fc7910"},
    {file = "regex-2020.6.8-cp38-cp38-manylinux2010_x86_64.whl", hash = "sha256:5aaa5928b039ae440d775acea11d01e42ff26e1561c0ffcd3d805750973c6baf"},
    {file = "regex-2020.6.8-cp38-cp38-win32.whl", hash = "sha256:97712e0d0af05febd8ab63d2ef0ab2d0cd9deddf4476f7aa153f76feef4b2754"},
    {file = "regex-2020.6.8-cp38-cp38-win_amd64.whl", hash = "sha256:6ad8663c17db4c5ef438141f99e291c4d4edfeaacc0ce28b5bba2b0bf273d9b5"},
    {file = "regex-2020.6.8.tar.gz", hash = "sha256:e9b64e609d37438f7d6e68c2546d2cb8062f3adb27e6336bc129b51be20773ac"},
]
soupsieve = [
    {file = "soupsieve-2.0.1-py3-none-any.whl", hash = "sha256:1634eea42ab371d3d346309b93df7870a88610f0725d47528be902a0d95ecc55"},
    {file = "soupsieve-2.0.1.tar.gz", hash = "sha256:a59dc181727e95d25f781f0eb4fd1825ff45590ec8ff49eadfd7f1a537cc0232"},
]
toml = [
    {file = "toml-0.9.6-py2.py3-none-any.whl", hash = "sha256:a7901919d3e4f92ffba7ff40a9d697e35bbbc8a8049fe8da742f34c83606d957"},
    {file = "toml-0.9.6.tar.gz", hash = "sha256:380178cde50a6a79f9d2cf6f42a62a5174febe5eea4126fe4038785f1d888d42"},
]
typed-ast = [
    {file = "typed_ast-1.4.1-cp35-cp35m-manylinux1_i686.whl", hash = "sha256:73d785a950fc82dd2a25897d525d003f6378d1cb23ab305578394694202a58c3"},
    {file = "typed_ast-1.4.1-cp35-cp35m-manylinux1_x86_64.whl", hash = "sha256:aaee9905aee35ba5905cfb3c62f3e83b3bec7b39413f0a7f19be4e547ea01ebb"},
    {file = "typed_ast-1.4.1-cp35-cp35m-win32.whl", hash = "sha256:0c2c07682d61a629b68433afb159376e24e5b2fd4641d35424e462169c0a7919"},
    {file = "typed_ast-1.4.1-cp35-cp35m-win_amd64.whl", hash = "sha256:4083861b0aa07990b619bd7ddc365eb7fa4b817e99cf5f8d9cf21a42780f6e01"},
    {file = "typed_ast-1.4.1-cp36-cp36m-macosx_10_9_x86_64.whl", hash = "sha256:269151951236b0f9a6f04015a9004084a5ab0d5f19b57de779f908621e7d8b75"},
    {file = "typed_ast-1.4.1-cp36-cp36m-manylinux1_i686.whl", hash = "sha256:24995c843eb0ad11a4527b026b4dde3da70e1f2d8806c99b7b4a7cf491612652"},
    {file = "typed_ast-1.4.1-cp36-cp36m-manylinux1_x86_64.whl", hash = "sha256:fe460b922ec15dd205595c9b5b99e2f056fd98ae8f9f56b888e7a17dc2b757e7"},
    {file = "typed_ast-1.4.1-cp36-cp36m-win32.whl", hash = "sha256:4e3e5da80ccbebfff202a67bf900d081906c358ccc3d5e3c8aea42fdfdfd51c1"},
    {file = "typed_ast-1.4.1-cp36-cp36m-win_amd64.whl", hash = "sha256:249862707802d40f7f29f6e1aad8d84b5aa9e44552d2cc17384b209f091276aa"},
    {file = "typed_ast-1.4.1-cp37-cp37m-macosx_10_9_x86_64.whl", hash = "sha256:8ce678dbaf790dbdb3eba24056d5364fb45944f33553dd5869b7580cdbb83614"},
    {file = "typed_ast-1.4.1-cp37-cp37m-manylinux1_i686.whl", hash = "sha256:c9e348e02e4d2b4a8b2eedb48210430658df6951fa484e59de33ff773fbd4b41"},
    {file = "typed_ast-1.4.1-cp37-cp37m-manylinux1_x86_64.whl", hash = "sha256:bcd3b13b56ea479b3650b82cabd6b5343a625b0ced5429e4ccad28a8973f301b"},
    {file = "typed_ast-1.4.1-cp37-cp37m-win32.whl", hash = "sha256:d5d33e9e7af3b34a40dc05f498939f0ebf187f07c385fd58d591c533ad8562fe"},
    {file = "typed_ast-1.4.1-cp37-cp37m-win_amd64.whl", hash = "sha256:0666aa36131496aed8f7be0410ff974562ab7eeac11ef351def9ea6fa28f6355"},
    {file = "typed_ast-1.4.1-cp38-cp38-macosx_10_15_x86_64.whl", hash = "sha256:d205b1b46085271b4e15f670058ce182bd1199e56b317bf2ec004b6a44f911f6"},
    {file = "typed_ast-1.4.1-cp38-cp38-manylinux1_i686.whl", hash = "sha256:6daac9731f172c2a22ade6ed0c00197ee7cc1221aa84cfdf9c31defeb059a907"},
    {file = "typed_ast-1.4.1-cp38-cp38-manylinux1_x86_64.whl", hash = "sha256:498b0f36cc7054c1fead3d7fc59d2150f4d5c6c56ba7fb150c013fbc683a8d2d"},
    {file = "typed_ast-1.4.1-cp38-cp38-win32.whl", hash = "sha256:715ff2f2df46121071622063fc7543d9b1fd19ebfc4f5c8895af64a77a8c852c"},
    {file = "typed_ast-1.4.1-cp38-cp38-win_amd64.whl", hash = "sha256:fc0fea399acb12edbf8a628ba8d2312f583bdbdb3335635db062fa98cf71fca4"},
    {file = "typed_ast-1.4.1-cp39-cp39-macosx_10_15_x86_64.whl", hash = "sha256:d43943ef777f9a1c42bf4e552ba23ac77a6351de620aa9acf64ad54933ad4d34"},
    {file = "typed_ast-1.4.1.tar.gz", hash = "sha256:8c8aaad94455178e3187ab22c8b01a3837f8ee50e09cf31f1ba129eb293ec30b"},
]
websockets = [
    {file = "websockets-7.0-cp34-cp34m-macosx_10_6_intel.whl", hash = "sha256:8e447e05ec88b1b408a4c9cde85aa6f4b04f06aa874b9f0b8e8319faf51b1fee"},
    {file = "websockets-7.0-cp34-cp34m-manylinux1_i686.whl", hash = "sha256:5eda665f6789edb9b57b57a159b9c55482cbe5b046d7db458948370554b16439"},
    {file = "websockets-7.0-cp34-cp34m-manylinux1_x86_64.whl", hash = "sha256:5edb2524d4032be4564c65dc4f9d01e79fe8fad5f966e5b552f4e5164fef0885"},
    {file = "websockets-7.0-cp34-cp34m-win32.whl", hash = "sha256:e98d0cec437097f09c7834a11c69d79fe6241729b23f656cfc227e93294fc242"},
    {file = "websockets-7.0-cp34-cp34m-win_amd64.whl", hash = "sha256:90ea6b3e7787620bb295a4ae050d2811c807d65b1486749414f78cfd6fb61489"},
    {file = "websockets-7.0-cp35-cp35m-macosx_10_6_intel.whl", hash = "sha256:55d86102282a636e195dad68aaaf85b81d0bef449d7e2ef2ff79ac450bb25d53"},
    {file = "websockets-7.0-cp35-cp35m-manylinux1_i686.whl", hash = "sha256:e1df1a58ed2468c7b7ce9a2f9752a32ad08eac2bcd56318625c3647c2cd2da6f"},
    {file = "websockets-7.0-cp35-cp35m-manylinux1_x86_64.whl", hash = "sha256:10d89d4326045bf5e15e83e9867c85d686b612822e4d8f149cf4840aab5f46e0"},
    {file = "websockets-7.0-cp35-cp35m-win32.whl", hash = "sha256:564d2675682bd497b59907d2205031acbf7d3fadf8c763b689b9ede20300b215"},
    {file = "websockets-7.0-cp35-cp35m-win_amd64.whl", hash = "sha256:d40f081187f7b54d7a99d8a5c782eaa4edc335a057aa54c85059272ed826dc09"},
    {file = "websockets-7.0-cp36-cp36m-macosx_10_6_intel.whl", hash = "sha256:4bf4c8097440eff22bc78ec76fe2a865a6e658b6977a504679aaf08f02c121da"},
    {file = "websockets-7.0-cp36-cp36m-manylinux1_i686.whl", hash = "sha256:51642ea3a00772d1e48fb0c492f0d3ae3b6474f34d20eca005a83f8c9c06c561"},
    {file = "websockets-7.0-cp36-cp36m-manylinux1_x86_64.whl", hash = "sha256:79691794288bc51e2a3b8de2bc0272ca8355d0b8503077ea57c0716e840ebaef"},
    {file = "websockets-7.0-cp36-cp36m-win32.whl", hash = "sha256:5d13bf5197a92149dc0badcc2b699267ff65a867029f465accfca8abab95f412"},
    {file = "websockets-7.0-cp36-cp36m-win_amd64.whl", hash = "sha256:7fcc8681e9981b9b511cdee7c580d5b005f3bb86b65bde2188e04a29f1d63317"},
    {file = "websockets-7.0-cp37-cp37m-macosx_10_6_intel.whl", hash = "sha256:fc30cdf2e949a2225b012a7911d1d031df3d23e99b7eda7dfc982dc4a860dae9"},
    {file = "websockets-7.0-cp37-cp37m-manylinux1_i686.whl", hash = "sha256:f8d59627702d2ff27cb495ca1abdea8bd8d581de425c56e93bff6517134e0a9b"},
    {file = "websockets-7.0-cp37-cp37m-manylinux1_x86_64.whl", hash = "sha256:232fac8a1978fc1dead4b1c2fa27c7756750fb393eb4ac52f6bc87ba7242b2fa"},
    {file = "websockets-7.0-cp37-cp37m-win32.whl", hash = "sha256:04b42a1b57096ffa5627d6a78ea1ff7fad3bc2c0331ffc17bc32a4024da7fea0"},
    {file = "websockets-7.0-cp37-cp37m-win_amd64.whl", hash = "sha256:9e13239952694b8b831088431d15f771beace10edfcf9ef230cefea14f18508f"},
    {file = "websockets-7.0.tar.gz", hash = "sha256:08e3c3e0535befa4f0c4443824496c03ecc25062debbcf895874f8a0b4c97c9f"},
]
yarl = [
    {file = "yarl-1.4.2-cp35-cp35m-macosx_10_13_x86_64.whl", hash = "sha256:3ce3d4f7c6b69c4e4f0704b32eca8123b9c58ae91af740481aa57d7857b5e41b"},
    {file = "yarl-1.4.2-cp35-cp35m-manylinux1_x86_64.whl", hash = "sha256:a4844ebb2be14768f7994f2017f70aca39d658a96c786211be5ddbe1c68794c1"},
    {file = "yarl-1.4.2-cp35-cp35m-win32.whl", hash = "sha256:d8cdee92bc930d8b09d8bd2043cedd544d9c8bd7436a77678dd602467a993080"},
    {file = "yarl-1.4.2-cp35-cp35m-win_amd64.whl", hash = "sha256:c2b509ac3d4b988ae8769901c66345425e361d518aecbe4acbfc2567e416626a"},
    {file = "yarl-1.4.2-cp36-cp36m-macosx_10_13_x86_64.whl", hash = "sha256:308b98b0c8cd1dfef1a0311dc5e38ae8f9b58349226aa0533f15a16717ad702f"},
    {file = "yarl-1.4.2-cp36-cp36m-manylinux1_x86_64.whl", hash = "sha256:944494be42fa630134bf907714d40207e646fd5a94423c90d5b514f7b0713fea"},
    {file = "yarl-1.4.2-cp36-cp36m-win32.whl", hash = "sha256:5b10eb0e7f044cf0b035112446b26a3a2946bca9d7d7edb5e54a2ad2f6652abb"},
    {file = "yarl-1.4.2-cp36-cp36m-win_amd64.whl", hash = "sha256:a161de7e50224e8e3de6e184707476b5a989037dcb24292b391a3d66ff158e70"},
    {file = "yarl-1.4.2-cp37-cp37m-macosx_10_13_x86_64.whl", hash = "sha256:26d7c90cb04dee1665282a5d1a998defc1a9e012fdca0f33396f81508f49696d"},
    {file = "yarl-1.4.2-cp37-cp37m-manylinux1_x86_64.whl", hash = "sha256:0c2ab325d33f1b824734b3ef51d4d54a54e0e7a23d13b86974507602334c2cce"},
    {file = "yarl-1.4.2-cp37-cp37m-win32.whl", hash = "sha256:e15199cdb423316e15f108f51249e44eb156ae5dba232cb73be555324a1d49c2"},
    {file = "yarl-1.4.2-cp37-cp37m-win_amd64.whl", hash = "sha256:2098a4b4b9d75ee352807a95cdf5f10180db903bc5b7270715c6bbe2551f64ce"},
    {file = "yarl-1.4.2-cp38-cp38-macosx_10_13_x86_64.whl", hash = "sha256:c9959d49a77b0e07559e579f38b2f3711c2b8716b8410b320bf9713013215a1b"},
    {file = "yarl-1.4.2-cp38-cp38-manylinux1_x86_64.whl", hash = "sha256:25e66e5e2007c7a39541ca13b559cd8ebc2ad8fe00ea94a2aad28a9b1e44e5ae"},
    {file = "yarl-1.4.2-cp38-cp38-win32.whl", hash = "sha256:6faa19d3824c21bcbfdfce5171e193c8b4ddafdf0ac3f129ccf0cdfcb083e462"},
    {file = "yarl-1.4.2-cp38-cp38-win_amd64.whl", hash = "sha256:0ca2f395591bbd85ddd50a82eb1fde9c1066fafe888c5c7cc1d810cf03fd3cc6"},
    {file = "yarl-1.4.2.tar.gz", hash = "sha256:58cd9c469eced558cd81aa3f484b2924e8897049e06889e8ff2510435b7ef74b"},
]
